
Microsoft Visual Studio Solution File, Format Version 12.00
# Visual Studio Version 16
VisualStudioVersion = 16.0.29613.14
MinimumVisualStudioVersion = 10.0.40219.1
Project("{FAE04EC0-301F-11D3-BF4B-00C04F79EFBC}") = "MineSweeperSolver", "MineSweeperSolver\MineSweeperSolver.csproj", "{A2934355-C802-45B2-A6C2-228E474ED24D}"
EndProject
Global
	GlobalSection(SolutionConfigurationPlatforms) = preSolution
		Debug|Any CPU = Debug|Any CPU
		Release|Any CPU = Release|Any CPU
	EndGlobalSection
	GlobalSection(ProjectConfigurationPlatforms) = postSolution
		{A2934355-C802-45B2-A6C2-228E474ED24D}.Debug|Any CPU.ActiveCfg = Debug|Any CPU
		{A2934355-C802-45B2-A6C2-228E474ED24D}.Debug|Any CPU.Build.0 = Debug|Any CPU
		{A2934355-C802-45B2-A6C2-228E474ED24D}.Release|Any CPU.ActiveCfg = Release|Any CPU
		{A2934355-C802-45B2-A6C2-228E474ED24D}.Release|Any CPU.Build.0 = Release|Any CPU
	EndGlobalSection
	GlobalSection(SolutionProperties) = preSolution
		HideSolutionNode = FALSE
	EndGlobalSection
	GlobalSection(ExtensibilityGlobals) = postSolution
		SolutionGuid = {76321923-3627-4789-BE10-15ED4A8D96EE}
	EndGlobalSection
EndGlobal
